
Microsoft Visual Studio Solution File, Format Version 12.00
# Visual Studio Version 16
VisualStudioVersion = 16.0.31613.86
MinimumVisualStudioVersion = 10.0.40219.1
Project("{FAE04EC0-301F-11D3-BF4B-00C04F79EFBC}") = "GETA-PP-Week5", "GETA-PP-Week5\GETA-PP-Week5.csproj", "{7EC78A4E-2EB4-4188-982D-A99C628DB640}"
EndProject
Global
	GlobalSection(SolutionConfigurationPlatforms) = preSolution
		Debug|Any CPU = Debug|Any CPU
		Release|Any CPU = Release|Any CPU
	EndGlobalSection
	GlobalSection(ProjectConfigurationPlatforms) = postSolution
		{7EC78A4E-2EB4-4188-982D-A99C628DB640}.Debug|Any CPU.ActiveCfg = Debug|Any CPU
		{7EC78A4E-2EB4-4188-982D-A99C628DB640}.Debug|Any CPU.Build.0 = Debug|Any CPU
		{7EC78A4E-2EB4-4188-982D-A99C628DB640}.Release|Any CPU.ActiveCfg = Release|Any CPU
		{7EC78A4E-2EB4-4188-982D-A99C628DB640}.Release|Any CPU.Build.0 = Release|Any CPU
	EndGlobalSection
	GlobalSection(SolutionProperties) = preSolution
		HideSolutionNode = FALSE
	EndGlobalSection
	GlobalSection(ExtensibilityGlobals) = postSolution
		SolutionGuid = {D5190381-06D0-4EC8-BD29-8EDA4AC94223}
	EndGlobalSection
EndGlobal
